
Microsoft Visual Studio Solution File, Format Version 12.00
# Visual Studio Version 17
VisualStudioVersion = 17.8.34330.188
MinimumVisualStudioVersion = 10.0.40219.1
Project("{FAE04EC0-301F-11D3-BF4B-00C04F79EFBC}") = "AbilityExpose", "AbilityExpose.csproj", "{D5BAACBD-8839-41AC-B7AE-EEAB8D0ED3B0}"
EndProject
Global
	GlobalSection(SolutionConfigurationPlatforms) = preSolution
		Debug|Any CPU = Debug|Any CPU
		Release|Any CPU = Release|Any CPU
	EndGlobalSection
	GlobalSection(ProjectConfigurationPlatforms) = postSolution
		{D5BAACBD-8839-41AC-B7AE-EEAB8D0ED3B0}.Debug|Any CPU.ActiveCfg = Debug|Any CPU
		{D5BAACBD-8839-41AC-B7AE-EEAB8D0ED3B0}.Debug|Any CPU.Build.0 = Debug|Any CPU
		{D5BAACBD-8839-41AC-B7AE-EEAB8D0ED3B0}.Release|Any CPU.ActiveCfg = Release|Any CPU
		{D5BAACBD-8839-41AC-B7AE-EEAB8D0ED3B0}.Release|Any CPU.Build.0 = Release|Any CPU
	EndGlobalSection
	GlobalSection(SolutionProperties) = preSolution
		HideSolutionNode = FALSE
	EndGlobalSection
	GlobalSection(ExtensibilityGlobals) = postSolution
		SolutionGuid = {3E7152E0-0ACF-4AA8-BDC3-B3AEAA321078}
	EndGlobalSection
EndGlobal
